<Solution>
  <Folder Name="/src/">
    <Project Path="src/ProteinMutation.Api/ProteinMutation.Api.csproj" />
    <Project Path="src/ProteinMutation.Application/ProteinMutation.Application.csproj" />
    <Project Path="src/ProteinMutation.Domain/ProteinMutation.Domain.csproj" />
    <Project Path="src/ProteinMutation.Infrastructure/ProteinMutation.Infrastructure.csproj" />
  </Folder>
  <Folder Name="/tests/">
    <Project Path="tests/ProteinMutation.UnitTests/ProteinMutation.UnitTests.csproj" />
  </Folder>
</Solution>
